// !$*UTF8*$!
{
	archiveVersion = 1;
	classes = {
	};
	objectVersion = 48;
	objects = {

/* Begin PBXBuildFile section */
		DD1BBF97204D4D500059903E /* AppDelegate.swift in Sources */ = {isa = PBXBuildFile; fileRef = DD1BBF96204D4D500059903E /* AppDelegate.swift */; };
		DD1BBF9C204D4D500059903E /* Main.storyboard in Resources */ = {isa = PBXBuildFile; fileRef = DD1BBF9A204D4D500059903E /* Main.storyboard */; };
		DD1BBF9E204D4D500059903E /* Assets.xcassets in Resources */ = {isa = PBXBuildFile; fileRef = DD1BBF9D204D4D500059903E /* Assets.xcassets */; };
		DD1BBFA1204D4D500059903E /* LaunchScreen.storyboard in Resources */ = {isa = PBXBuildFile; fileRef = DD1BBF9F204D4D500059903E /* LaunchScreen.storyboard */; };
		DD1BBFB8204D4F680059903E /* Request.swift in Sources */ = {isa = PBXBuildFile; fileRef = DD1BBFB7204D4F680059903E /* Request.swift */; };
		DD1BBFBA204D4FB70059903E /* HTTPMethod.swift in Sources */ = {isa = PBXBuildFile; fileRef = DD1BBFB9204D4FB70059903E /* HTTPMethod.swift */; };
		DD1BBFBC204D51A50059903E /* StoriesRequests.swift in Sources */ = {isa = PBXBuildFile; fileRef = DD1BBFBB204D51A50059903E /* StoriesRequests.swift */; };
		DD1BBFBE204D529D0059903E /* Dispatcher.swift in Sources */ = {isa = PBXBuildFile; fileRef = DD1BBFBD204D529D0059903E /* Dispatcher.swift */; };
		DD1BBFC0204D52F30059903E /* NetworkErrors.swift in Sources */ = {isa = PBXBuildFile; fileRef = DD1BBFBF204D52F30059903E /* NetworkErrors.swift */; };
		DD1BBFC2204D550D0059903E /* Reachability.swift in Sources */ = {isa = PBXBuildFile; fileRef = DD1BBFC1204D550D0059903E /* Reachability.swift */; };
		DD1BBFC4204D5CDB0059903E /* Response.swift in Sources */ = {isa = PBXBuildFile; fileRef = DD1BBFC3204D5CDB0059903E /* Response.swift */; };
		DD1BBFC6204D6DD50059903E /* Operation.swift in Sources */ = {isa = PBXBuildFile; fileRef = DD1BBFC5204D6DD50059903E /* Operation.swift */; };
		DD1BBFC8204D6E3C0059903E /* StoriesOperation.swift in Sources */ = {isa = PBXBuildFile; fileRef = DD1BBFC7204D6E3C0059903E /* StoriesOperation.swift */; };
		DD1BBFCB204D72F30059903E /* Story.swift in Sources */ = {isa = PBXBuildFile; fileRef = DD1BBFCA204D72F30059903E /* Story.swift */; };
		DD1BBFCD204D7F0C0059903E /* StoryOperation.swift in Sources */ = {isa = PBXBuildFile; fileRef = DD1BBFCC204D7F0C0059903E /* StoryOperation.swift */; };
		DD1BBFCF204D7F310059903E /* StoryRequest.swift in Sources */ = {isa = PBXBuildFile; fileRef = DD1BBFCE204D7F310059903E /* StoryRequest.swift */; };
		DD1BBFD5204D83AF0059903E /* MockDispatcher.swift in Sources */ = {isa = PBXBuildFile; fileRef = DD1BBFD4204D83AF0059903E /* MockDispatcher.swift */; };
		DD1BBFD6204D83D60059903E /* Dispatcher.swift in Sources */ = {isa = PBXBuildFile; fileRef = DD1BBFBD204D529D0059903E /* Dispatcher.swift */; };
		DD1BBFD7204D83DD0059903E /* Request.swift in Sources */ = {isa = PBXBuildFile; fileRef = DD1BBFB7204D4F680059903E /* Request.swift */; };
		DD1BBFD8204D84020059903E /* Response.swift in Sources */ = {isa = PBXBuildFile; fileRef = DD1BBFC3204D5CDB0059903E /* Response.swift */; };
		DD1BBFDB204D84F90059903E /* HTTPMethod.swift in Sources */ = {isa = PBXBuildFile; fileRef = DD1BBFB9204D4FB70059903E /* HTTPMethod.swift */; };
		DD1BBFDC204D84FD0059903E /* NetworkErrors.swift in Sources */ = {isa = PBXBuildFile; fileRef = DD1BBFBF204D52F30059903E /* NetworkErrors.swift */; };
		DD1BBFDE204D850F0059903E /* MockRequests.swift in Sources */ = {isa = PBXBuildFile; fileRef = DD1BBFDD204D850F0059903E /* MockRequests.swift */; };
		DD1BBFE0204D87240059903E /* DispatcherTests.swift in Sources */ = {isa = PBXBuildFile; fileRef = DD1BBFDF204D87240059903E /* DispatcherTests.swift */; };
		DD1BBFE3204D8E6F0059903E /* NewsViewController.swift in Sources */ = {isa = PBXBuildFile; fileRef = DD1BBFE2204D8E6F0059903E /* NewsViewController.swift */; };
		DD1BBFE5204D8F5C0059903E /* SplitViewController.swift in Sources */ = {isa = PBXBuildFile; fileRef = DD1BBFE4204D8F5C0059903E /* SplitViewController.swift */; };
		DD1BBFE7204D8FBD0059903E /* NewsDetailViewController.swift in Sources */ = {isa = PBXBuildFile; fileRef = DD1BBFE6204D8FBD0059903E /* NewsDetailViewController.swift */; };
/* End PBXBuildFile section */

/* Begin PBXContainerItemProxy section */
		DD1BBFA8204D4D500059903E /* PBXContainerItemProxy */ = {
			isa = PBXContainerItemProxy;
			containerPortal = DD1BBF8B204D4D500059903E /* Project object */;
			proxyType = 1;
			remoteGlobalIDString = DD1BBF92204D4D500059903E;
			remoteInfo = HackerNews;
		};
/* End PBXContainerItemProxy section */

/* Begin PBXFileReference section */
		DD1BBF93204D4D500059903E /* HackerNews.app */ = {isa = PBXFileReference; explicitFileType = wrapper.application; includeInIndex = 0; path = HackerNews.app; sourceTree = BUILT_PRODUCTS_DIR; };
		DD1BBF96204D4D500059903E /* AppDelegate.swift */ = {isa = PBXFileReference; lastKnownFileType = sourcecode.swift; path = AppDelegate.swift; sourceTree = "<group>"; };
		DD1BBF9B204D4D500059903E /* Base */ = {isa = PBXFileReference; lastKnownFileType = file.storyboard; name = Base; path = Base.lproj/Main.storyboard; sourceTree = "<group>"; };
		DD1BBF9D204D4D500059903E /* Assets.xcassets */ = {isa = PBXFileReference; lastKnownFileType = folder.assetcatalog; path = Assets.xcassets; sourceTree = "<group>"; };
		DD1BBFA0204D4D500059903E /* Base */ = {isa = PBXFileReference; lastKnownFileType = file.storyboard; name = Base; path = Base.lproj/LaunchScreen.storyboard; sourceTree = "<group>"; };
		DD1BBFA2204D4D500059903E /* Info.plist */ = {isa = PBXFileReference; lastKnownFileType = text.plist.xml; path = Info.plist; sourceTree = "<group>"; };
		DD1BBFA7204D4D500059903E /* HackerNewsTests.xctest */ = {isa = PBXFileReference; explicitFileType = wrapper.cfbundle; includeInIndex = 0; path = HackerNewsTests.xctest; sourceTree = BUILT_PRODUCTS_DIR; };
		DD1BBFAD204D4D500059903E /* Info.plist */ = {isa = PBXFileReference; lastKnownFileType = text.plist.xml; path = Info.plist; sourceTree = "<group>"; };
		DD1BBFB7204D4F680059903E /* Request.swift */ = {isa = PBXFileReference; lastKnownFileType = sourcecode.swift; path = Request.swift; sourceTree = "<group>"; };
		DD1BBFB9204D4FB70059903E /* HTTPMethod.swift */ = {isa = PBXFileReference; lastKnownFileType = sourcecode.swift; path = HTTPMethod.swift; sourceTree = "<group>"; };
		DD1BBFBB204D51A50059903E /* StoriesRequests.swift */ = {isa = PBXFileReference; lastKnownFileType = sourcecode.swift; path = StoriesRequests.swift; sourceTree = "<group>"; };
		DD1BBFBD204D529D0059903E /* Dispatcher.swift */ = {isa = PBXFileReference; lastKnownFileType = sourcecode.swift; path = Dispatcher.swift; sourceTree = "<group>"; };
		DD1BBFBF204D52F30059903E /* NetworkErrors.swift */ = {isa = PBXFileReference; lastKnownFileType = sourcecode.swift; path = NetworkErrors.swift; sourceTree = "<group>"; };
		DD1BBFC1204D550D0059903E /* Reachability.swift */ = {isa = PBXFileReference; lastKnownFileType = sourcecode.swift; path = Reachability.swift; sourceTree = "<group>"; };
		DD1BBFC3204D5CDB0059903E /* Response.swift */ = {isa = PBXFileReference; lastKnownFileType = sourcecode.swift; path = Response.swift; sourceTree = "<group>"; };
		DD1BBFC5204D6DD50059903E /* Operation.swift */ = {isa = PBXFileReference; lastKnownFileType = sourcecode.swift; path = Operation.swift; sourceTree = "<group>"; };
		DD1BBFC7204D6E3C0059903E /* StoriesOperation.swift */ = {isa = PBXFileReference; lastKnownFileType = sourcecode.swift; path = StoriesOperation.swift; sourceTree = "<group>"; };
		DD1BBFCA204D72F30059903E /* Story.swift */ = {isa = PBXFileReference; lastKnownFileType = sourcecode.swift; path = Story.swift; sourceTree = "<group>"; };
		DD1BBFCC204D7F0C0059903E /* StoryOperation.swift */ = {isa = PBXFileReference; lastKnownFileType = sourcecode.swift; path = StoryOperation.swift; sourceTree = "<group>"; };
		DD1BBFCE204D7F310059903E /* StoryRequest.swift */ = {isa = PBXFileReference; lastKnownFileType = sourcecode.swift; path = StoryRequest.swift; sourceTree = "<group>"; };
		DD1BBFD4204D83AF0059903E /* MockDispatcher.swift */ = {isa = PBXFileReference; lastKnownFileType = sourcecode.swift; path = MockDispatcher.swift; sourceTree = "<group>"; };
		DD1BBFDD204D850F0059903E /* MockRequests.swift */ = {isa = PBXFileReference; lastKnownFileType = sourcecode.swift; path = MockRequests.swift; sourceTree = "<group>"; };
		DD1BBFDF204D87240059903E /* DispatcherTests.swift */ = {isa = PBXFileReference; lastKnownFileType = sourcecode.swift; path = DispatcherTests.swift; sourceTree = "<group>"; };
		DD1BBFE2204D8E6F0059903E /* NewsViewController.swift */ = {isa = PBXFileReference; lastKnownFileType = sourcecode.swift; path = NewsViewController.swift; sourceTree = "<group>"; };
		DD1BBFE4204D8F5C0059903E /* SplitViewController.swift */ = {isa = PBXFileReference; lastKnownFileType = sourcecode.swift; path = SplitViewController.swift; sourceTree = "<group>"; };
		DD1BBFE6204D8FBD0059903E /* NewsDetailViewController.swift */ = {isa = PBXFileReference; lastKnownFileType = sourcecode.swift; path = NewsDetailViewController.swift; sourceTree = "<group>"; };
/* End PBXFileReference section */

/* Begin PBXFrameworksBuildPhase section */
		DD1BBF90204D4D500059903E /* Frameworks */ = {
			isa = PBXFrameworksBuildPhase;
			buildActionMask = 2147483647;
			files = (
			);
			runOnlyForDeploymentPostprocessing = 0;
		};
		DD1BBFA4204D4D500059903E /* Frameworks */ = {
			isa = PBXFrameworksBuildPhase;
			buildActionMask = 2147483647;
			files = (
			);
			runOnlyForDeploymentPostprocessing = 0;
		};
/* End PBXFrameworksBuildPhase section */

/* Begin PBXGroup section */
		DD1BBF8A204D4D500059903E = {
			isa = PBXGroup;
			children = (
				DD1BBF95204D4D500059903E /* HackerNews */,
				DD1BBFAA204D4D500059903E /* HackerNewsTests */,
				DD1BBF94204D4D500059903E /* Products */,
			);
			sourceTree = "<group>";
		};
		DD1BBF94204D4D500059903E /* Products */ = {
			isa = PBXGroup;
			children = (
				DD1BBF93204D4D500059903E /* HackerNews.app */,
				DD1BBFA7204D4D500059903E /* HackerNewsTests.xctest */,
			);
			name = Products;
			sourceTree = "<group>";
		};
		DD1BBF95204D4D500059903E /* HackerNews */ = {
			isa = PBXGroup;
			children = (
				DD1BBFC9204D6E5B0059903E /* Model */,
				DD1BBFB6204D4E9D0059903E /* Networking */,
				DD1BBF96204D4D500059903E /* AppDelegate.swift */,
				DD1BBFE4204D8F5C0059903E /* SplitViewController.swift */,
				DD1BBFE2204D8E6F0059903E /* NewsViewController.swift */,
				DD1BBFE6204D8FBD0059903E /* NewsDetailViewController.swift */,
				DD1BBF9A204D4D500059903E /* Main.storyboard */,
				DD1BBF9D204D4D500059903E /* Assets.xcassets */,
				DD1BBF9F204D4D500059903E /* LaunchScreen.storyboard */,
				DD1BBFA2204D4D500059903E /* Info.plist */,
			);
			path = HackerNews;
			sourceTree = "<group>";
		};
		DD1BBFAA204D4D500059903E /* HackerNewsTests */ = {
			isa = PBXGroup;
			children = (
				DD1BBFE1204D8B910059903E /* Mocks */,
				DD1BBFDF204D87240059903E /* DispatcherTests.swift */,
				DD1BBFAD204D4D500059903E /* Info.plist */,
			);
			path = HackerNewsTests;
			sourceTree = "<group>";
		};
		DD1BBFB6204D4E9D0059903E /* Networking */ = {
			isa = PBXGroup;
			children = (
				DD1BBFD2204D81FF0059903E /* Reachability */,
				DD1BBFD0204D817E0059903E /* Requests */,
				DD1BBFD1204D81890059903E /* Dispatcher */,
				DD1BBFD3204D82130059903E /* Operations */,
				DD1BBFBF204D52F30059903E /* NetworkErrors.swift */,
				DD1BBFB9204D4FB70059903E /* HTTPMethod.swift */,
				DD1BBFC3204D5CDB0059903E /* Response.swift */,
			);
			path = Networking;
			sourceTree = "<group>";
		};
		DD1BBFC9204D6E5B0059903E /* Model */ = {
			isa = PBXGroup;
			children = (
				DD1BBFCA204D72F30059903E /* Story.swift */,
			);
			path = Model;
			sourceTree = "<group>";
		};
		DD1BBFD0204D817E0059903E /* Requests */ = {
			isa = PBXGroup;
			children = (
				DD1BBFB7204D4F680059903E /* Request.swift */,
				DD1BBFBB204D51A50059903E /* StoriesRequests.swift */,
				DD1BBFCE204D7F310059903E /* StoryRequest.swift */,
			);
			path = Requests;
			sourceTree = "<group>";
		};
		DD1BBFD1204D81890059903E /* Dispatcher */ = {
			isa = PBXGroup;
			children = (
				DD1BBFBD204D529D0059903E /* Dispatcher.swift */,
			);
			path = Dispatcher;
			sourceTree = "<group>";
		};
		DD1BBFD2204D81FF0059903E /* Reachability */ = {
			isa = PBXGroup;
			children = (
				DD1BBFC1204D550D0059903E /* Reachability.swift */,
			);
			path = Reachability;
			sourceTree = "<group>";
		};
		DD1BBFD3204D82130059903E /* Operations */ = {
			isa = PBXGroup;
			children = (
				DD1BBFC5204D6DD50059903E /* Operation.swift */,
				DD1BBFC7204D6E3C0059903E /* StoriesOperation.swift */,
				DD1BBFCC204D7F0C0059903E /* StoryOperation.swift */,
			);
			path = Operations;
			sourceTree = "<group>";
		};
		DD1BBFE1204D8B910059903E /* Mocks */ = {
			isa = PBXGroup;
			children = (
				DD1BBFDD204D850F0059903E /* MockRequests.swift */,
				DD1BBFD4204D83AF0059903E /* MockDispatcher.swift */,
			);
			path = Mocks;
			sourceTree = "<group>";
		};
/* End PBXGroup section */

/* Begin PBXNativeTarget section */
		DD1BBF92204D4D500059903E /* HackerNews */ = {
			isa = PBXNativeTarget;
			buildConfigurationList = DD1BBFB0204D4D500059903E /* Build configuration list for PBXNativeTarget "HackerNews" */;
			buildPhases = (
				DD1BBF8F204D4D500059903E /* Sources */,
				DD1BBF90204D4D500059903E /* Frameworks */,
				DD1BBF91204D4D500059903E /* Resources */,
			);
			buildRules = (
			);
			dependencies = (
			);
			name = HackerNews;
			productName = HackerNews;
			productReference = DD1BBF93204D4D500059903E /* HackerNews.app */;
			productType = "com.apple.product-type.application";
		};
		DD1BBFA6204D4D500059903E /* HackerNewsTests */ = {
			isa = PBXNativeTarget;
			buildConfigurationList = DD1BBFB3204D4D500059903E /* Build configuration list for PBXNativeTarget "HackerNewsTests" */;
			buildPhases = (
				DD1BBFA3204D4D500059903E /* Sources */,
				DD1BBFA4204D4D500059903E /* Frameworks */,
				DD1BBFA5204D4D500059903E /* Resources */,
			);
			buildRules = (
			);
			dependencies = (
				DD1BBFA9204D4D500059903E /* PBXTargetDependency */,
			);
			name = HackerNewsTests;
			productName = HackerNewsTests;
			productReference = DD1BBFA7204D4D500059903E /* HackerNewsTests.xctest */;
			productType = "com.apple.product-type.bundle.unit-test";
		};
/* End PBXNativeTarget section */

/* Begin PBXProject section */
		DD1BBF8B204D4D500059903E /* Project object */ = {
			isa = PBXProject;
			attributes = {
				LastSwiftUpdateCheck = 0920;
				LastUpgradeCheck = 0920;
				ORGANIZATIONNAME = "Vadim Rupets";
				TargetAttributes = {
					DD1BBF92204D4D500059903E = {
						CreatedOnToolsVersion = 9.2;
						ProvisioningStyle = Automatic;
					};
					DD1BBFA6204D4D500059903E = {
						CreatedOnToolsVersion = 9.2;
						ProvisioningStyle = Automatic;
						TestTargetID = DD1BBF92204D4D500059903E;
					};
				};
			};
			buildConfigurationList = DD1BBF8E204D4D500059903E /* Build configuration list for PBXProject "HackerNews" */;
			compatibilityVersion = "Xcode 8.0";
			developmentRegion = en;
			hasScannedForEncodings = 0;
			knownRegions = (
				en,
				Base,
			);
			mainGroup = DD1BBF8A204D4D500059903E;
			productRefGroup = DD1BBF94204D4D500059903E /* Products */;
			projectDirPath = "";
			projectRoot = "";
			targets = (
				DD1BBF92204D4D500059903E /* HackerNews */,
				DD1BBFA6204D4D500059903E /* HackerNewsTests */,
			);
		};
/* End PBXProject section */

/* Begin PBXResourcesBuildPhase section */
		DD1BBF91204D4D500059903E /* Resources */ = {
			isa = PBXResourcesBuildPhase;
			buildActionMask = 2147483647;
			files = (
				DD1BBFA1204D4D500059903E /* LaunchScreen.storyboard in Resources */,
				DD1BBF9E204D4D500059903E /* Assets.xcassets in Resources */,
				DD1BBF9C204D4D500059903E /* Main.storyboard in Resources */,
			);
			runOnlyForDeploymentPostprocessing = 0;
		};
		DD1BBFA5204D4D500059903E /* Resources */ = {
			isa = PBXResourcesBuildPhase;
			buildActionMask = 2147483647;
			files = (
			);
			runOnlyForDeploymentPostprocessing = 0;
		};
/* End PBXResourcesBuildPhase section */

/* Begin PBXSourcesBuildPhase section */
		DD1BBF8F204D4D500059903E /* Sources */ = {
			isa = PBXSourcesBuildPhase;
			buildActionMask = 2147483647;
			files = (
				DD1BBFBC204D51A50059903E /* StoriesRequests.swift in Sources */,
				DD1BBFE7204D8FBD0059903E /* NewsDetailViewController.swift in Sources */,
				DD1BBFBA204D4FB70059903E /* HTTPMethod.swift in Sources */,
				DD1BBFCD204D7F0C0059903E /* StoryOperation.swift in Sources */,
				DD1BBFCF204D7F310059903E /* StoryRequest.swift in Sources */,
				DD1BBFBE204D529D0059903E /* Dispatcher.swift in Sources */,
				DD1BBFE3204D8E6F0059903E /* NewsViewController.swift in Sources */,
				DD1BBFC6204D6DD50059903E /* Operation.swift in Sources */,
				DD1BBFC0204D52F30059903E /* NetworkErrors.swift in Sources */,
				DD1BBFC4204D5CDB0059903E /* Response.swift in Sources */,
				DD1BBFB8204D4F680059903E /* Request.swift in Sources */,
				DD1BBFC2204D550D0059903E /* Reachability.swift in Sources */,
				DD1BBF97204D4D500059903E /* AppDelegate.swift in Sources */,
				DD1BBFC8204D6E3C0059903E /* StoriesOperation.swift in Sources */,
				DD1BBFCB204D72F30059903E /* Story.swift in Sources */,
				DD1BBFE5204D8F5C0059903E /* SplitViewController.swift in Sources */,
			);
			runOnlyForDeploymentPostprocessing = 0;
		};
		DD1BBFA3204D4D500059903E /* Sources */ = {
			isa = PBXSourcesBuildPhase;
			buildActionMask = 2147483647;
			files = (
				DD1BBFD5204D83AF0059903E /* MockDispatcher.swift in Sources */,
				DD1BBFD7204D83DD0059903E /* Request.swift in Sources */,
				DD1BBFE0204D87240059903E /* DispatcherTests.swift in Sources */,
				DD1BBFDB204D84F90059903E /* HTTPMethod.swift in Sources */,
				DD1BBFDE204D850F0059903E /* MockRequests.swift in Sources */,
				DD1BBFDC204D84FD0059903E /* NetworkErrors.swift in Sources */,
				DD1BBFD6204D83D60059903E /* Dispatcher.swift in Sources */,
				DD1BBFD8204D84020059903E /* Response.swift in Sources */,
			);
			runOnlyForDeploymentPostprocessing = 0;
		};
/* End PBXSourcesBuildPhase section */

/* Begin PBXTargetDependency section */
		DD1BBFA9204D4D500059903E /* PBXTargetDependency */ = {
			isa = PBXTargetDependency;
			target = DD1BBF92204D4D500059903E /* HackerNews */;
			targetProxy = DD1BBFA8204D4D500059903E /* PBXContainerItemProxy */;
		};
/* End PBXTargetDependency section */

/* Begin PBXVariantGroup section */
		DD1BBF9A204D4D500059903E /* Main.storyboard */ = {
			isa = PBXVariantGroup;
			children = (
				DD1BBF9B204D4D500059903E /* Base */,
			);
			name = Main.storyboard;
			sourceTree = "<group>";
		};
		DD1BBF9F204D4D500059903E /* LaunchScreen.storyboard */ = {
			isa = PBXVariantGroup;
			children = (
				DD1BBFA0204D4D500059903E /* Base */,
			);
			name = LaunchScreen.storyboard;
			sourceTree = "<group>";
		};
/* End PBXVariantGroup section */

/* Begin XCBuildConfiguration section */
		DD1BBFAE204D4D500059903E /* Debug */ = {
			isa = XCBuildConfiguration;
			buildSettings = {
				ALWAYS_SEARCH_USER_PATHS = NO;
				CLANG_ANALYZER_NONNULL = YES;
				CLANG_ANALYZER_NUMBER_OBJECT_CONVERSION = YES_AGGRESSIVE;
				CLANG_CXX_LANGUAGE_STANDARD = "gnu++14";
				CLANG_CXX_LIBRARY = "libc++";
				CLANG_ENABLE_MODULES = YES;
				CLANG_ENABLE_OBJC_ARC = YES;
				CLANG_WARN_BLOCK_CAPTURE_AUTORELEASING = YES;
				CLANG_WARN_BOOL_CONVERSION = YES;
				CLANG_WARN_COMMA = YES;
				CLANG_WARN_CONSTANT_CONVERSION = YES;
				CLANG_WARN_DIRECT_OBJC_ISA_USAGE = YES_ERROR;
				CLANG_WARN_DOCUMENTATION_COMMENTS = YES;
				CLANG_WARN_EMPTY_BODY = YES;
				CLANG_WARN_ENUM_CONVERSION = YES;
				CLANG_WARN_INFINITE_RECURSION = YES;
				CLANG_WARN_INT_CONVERSION = YES;
				CLANG_WARN_NON_LITERAL_NULL_CONVERSION = YES;
				CLANG_WARN_OBJC_LITERAL_CONVERSION = YES;
				CLANG_WARN_OBJC_ROOT_CLASS = YES_ERROR;
				CLANG_WARN_RANGE_LOOP_ANALYSIS = YES;
				CLANG_WARN_STRICT_PROTOTYPES = YES;
				CLANG_WARN_SUSPICIOUS_MOVE = YES;
				CLANG_WARN_UNGUARDED_AVAILABILITY = YES_AGGRESSIVE;
				CLANG_WARN_UNREACHABLE_CODE = YES;
				CLANG_WARN__DUPLICATE_METHOD_MATCH = YES;
				CODE_SIGN_IDENTITY = "iPhone Developer";
				COPY_PHASE_STRIP = NO;
				DEBUG_INFORMATION_FORMAT = dwarf;
				ENABLE_STRICT_OBJC_MSGSEND = YES;
				ENABLE_TESTABILITY = YES;
				GCC_C_LANGUAGE_STANDARD = gnu11;
				GCC_DYNAMIC_NO_PIC = NO;
				GCC_NO_COMMON_BLOCKS = YES;
				GCC_OPTIMIZATION_LEVEL = 0;
				GCC_PREPROCESSOR_DEFINITIONS = (
					"DEBUG=1",
					"$(inherited)",
				);
				GCC_WARN_64_TO_32_BIT_CONVERSION = YES;
				GCC_WARN_ABOUT_RETURN_TYPE = YES_ERROR;
				GCC_WARN_UNDECLARED_SELECTOR = YES;
				GCC_WARN_UNINITIALIZED_AUTOS = YES_AGGRESSIVE;
				GCC_WARN_UNUSED_FUNCTION = YES;
				GCC_WARN_UNUSED_VARIABLE = YES;
				IPHONEOS_DEPLOYMENT_TARGET = 11.2;
				MTL_ENABLE_DEBUG_INFO = YES;
				ONLY_ACTIVE_ARCH = YES;
				SDKROOT = iphoneos;
				SWIFT_ACTIVE_COMPILATION_CONDITIONS = DEBUG;
				SWIFT_OPTIMIZATION_LEVEL = "-Onone";
			};
			name = Debug;
		};
		DD1BBFAF204D4D500059903E /* Release */ = {
			isa = XCBuildConfiguration;
			buildSettings = {
				ALWAYS_SEARCH_USER_PATHS = NO;
				CLANG_ANALYZER_NONNULL = YES;
				CLANG_ANALYZER_NUMBER_OBJECT_CONVERSION = YES_AGGRESSIVE;
				CLANG_CXX_LANGUAGE_STANDARD = "gnu++14";
				CLANG_CXX_LIBRARY = "libc++";
				CLANG_ENABLE_MODULES = YES;
				CLANG_ENABLE_OBJC_ARC = YES;
				CLANG_WARN_BLOCK_CAPTURE_AUTORELEASING = YES;
				CLANG_WARN_BOOL_CONVERSION = YES;
				CLANG_WARN_COMMA = YES;
				CLANG_WARN_CONSTANT_CONVERSION = YES;
				CLANG_WARN_DIRECT_OBJC_ISA_USAGE = YES_ERROR;
				CLANG_WARN_DOCUMENTATION_COMMENTS = YES;
				CLANG_WARN_EMPTY_BODY = YES;
				CLANG_WARN_ENUM_CONVERSION = YES;
				CLANG_WARN_INFINITE_RECURSION = YES;
				CLANG_WARN_INT_CONVERSION = YES;
				CLANG_WARN_NON_LITERAL_NULL_CONVERSION = YES;
				CLANG_WARN_OBJC_LITERAL_CONVERSION = YES;
				CLANG_WARN_OBJC_ROOT_CLASS = YES_ERROR;
				CLANG_WARN_RANGE_LOOP_ANALYSIS = YES;
				CLANG_WARN_STRICT_PROTOTYPES = YES;
				CLANG_WARN_SUSPICIOUS_MOVE = YES;
				CLANG_WARN_UNGUARDED_AVAILABILITY = YES_AGGRESSIVE;
				CLANG_WARN_UNREACHABLE_CODE = YES;
				CLANG_WARN__DUPLICATE_METHOD_MATCH = YES;
				CODE_SIGN_IDENTITY = "iPhone Developer";
				COPY_PHASE_STRIP = NO;
				DEBUG_INFORMATION_FORMAT = "dwarf-with-dsym";
				ENABLE_NS_ASSERTIONS = NO;
				ENABLE_STRICT_OBJC_MSGSEND = YES;
				GCC_C_LANGUAGE_STANDARD = gnu11;
				GCC_NO_COMMON_BLOCKS = YES;
				GCC_WARN_64_TO_32_BIT_CONVERSION = YES;
				GCC_WARN_ABOUT_RETURN_TYPE = YES_ERROR;
				GCC_WARN_UNDECLARED_SELECTOR = YES;
				GCC_WARN_UNINITIALIZED_AUTOS = YES_AGGRESSIVE;
				GCC_WARN_UNUSED_FUNCTION = YES;
				GCC_WARN_UNUSED_VARIABLE = YES;
				IPHONEOS_DEPLOYMENT_TARGET = 11.2;
				MTL_ENABLE_DEBUG_INFO = NO;
				SDKROOT = iphoneos;
				SWIFT_OPTIMIZATION_LEVEL = "-Owholemodule";
				VALIDATE_PRODUCT = YES;
			};
			name = Release;
		};
		DD1BBFB1204D4D500059903E /* Debug */ = {
			isa = XCBuildConfiguration;
			buildSettings = {
				ASSETCATALOG_COMPILER_APPICON_NAME = AppIcon;
				CODE_SIGN_STYLE = Automatic;
				DEVELOPMENT_TEAM = 2WAAGJTSWL;
				INFOPLIST_FILE = HackerNews/Info.plist;
				LD_RUNPATH_SEARCH_PATHS = "$(inherited) @executable_path/Frameworks";
				PRODUCT_BUNDLE_IDENTIFIER = com.vadimrupets.HackerNews;
				PRODUCT_NAME = "$(TARGET_NAME)";
				SWIFT_VERSION = 4.0;
				TARGETED_DEVICE_FAMILY = "1,2";
			};
			name = Debug;
		};
		DD1BBFB2204D4D500059903E /* Release */ = {
			isa = XCBuildConfiguration;
			buildSettings = {
				ASSETCATALOG_COMPILER_APPICON_NAME = AppIcon;
				CODE_SIGN_STYLE = Automatic;
				DEVELOPMENT_TEAM = 2WAAGJTSWL;
				INFOPLIST_FILE = HackerNews/Info.plist;
				LD_RUNPATH_SEARCH_PATHS = "$(inherited) @executable_path/Frameworks";
				PRODUCT_BUNDLE_IDENTIFIER = com.vadimrupets.HackerNews;
				PRODUCT_NAME = "$(TARGET_NAME)";
				SWIFT_VERSION = 4.0;
				TARGETED_DEVICE_FAMILY = "1,2";
			};
			name = Release;
		};
		DD1BBFB4204D4D500059903E /* Debug */ = {
			isa = XCBuildConfiguration;
			buildSettings = {
				ALWAYS_EMBED_SWIFT_STANDARD_LIBRARIES = YES;
				BUNDLE_LOADER = "$(TEST_HOST)";
				CODE_SIGN_STYLE = Automatic;
				DEVELOPMENT_TEAM = 2WAAGJTSWL;
				INFOPLIST_FILE = HackerNewsTests/Info.plist;
				LD_RUNPATH_SEARCH_PATHS = "$(inherited) @executable_path/Frameworks @loader_path/Frameworks";
				PRODUCT_BUNDLE_IDENTIFIER = com.vadimrupets.HackerNewsTests;
				PRODUCT_NAME = "$(TARGET_NAME)";
				SWIFT_VERSION = 4.0;
				TARGETED_DEVICE_FAMILY = "1,2";
				TEST_HOST = "$(BUILT_PRODUCTS_DIR)/HackerNews.app/HackerNews";
			};
			name = Debug;
		};
		DD1BBFB5204D4D500059903E /* Release */ = {
			isa = XCBuildConfiguration;
			buildSettings = {
				ALWAYS_EMBED_SWIFT_STANDARD_LIBRARIES = YES;
				BUNDLE_LOADER = "$(TEST_HOST)";
				CODE_SIGN_STYLE = Automatic;
				DEVELOPMENT_TEAM = 2WAAGJTSWL;
				INFOPLIST_FILE = HackerNewsTests/Info.plist;
				LD_RUNPATH_SEARCH_PATHS = "$(inherited) @executable_path/Frameworks @loader_path/Frameworks";
				PRODUCT_BUNDLE_IDENTIFIER = com.vadimrupets.HackerNewsTests;
				PRODUCT_NAME = "$(TARGET_NAME)";
				SWIFT_VERSION = 4.0;
				TARGETED_DEVICE_FAMILY = "1,2";
				TEST_HOST = "$(BUILT_PRODUCTS_DIR)/HackerNews.app/HackerNews";
			};
			name = Release;
		};
/* End XCBuildConfiguration section */

/* Begin XCConfigurationList section */
		DD1BBF8E204D4D500059903E /* Build configuration list for PBXProject "HackerNews" */ = {
			isa = XCConfigurationList;
			buildConfigurations = (
				DD1BBFAE204D4D500059903E /* Debug */,
				DD1BBFAF204D4D500059903E /* Release */,
			);
			defaultConfigurationIsVisible = 0;
			defaultConfigurationName = Release;
		};
		DD1BBFB0204D4D500059903E /* Build configuration list for PBXNativeTarget "HackerNews" */ = {
			isa = XCConfigurationList;
			buildConfigurations = (
				DD1BBFB1204D4D500059903E /* Debug */,
				DD1BBFB2204D4D500059903E /* Release */,
			);
			defaultConfigurationIsVisible = 0;
			defaultConfigurationName = Release;
		};
		DD1BBFB3204D4D500059903E /* Build configuration list for PBXNativeTarget "HackerNewsTests" */ = {
			isa = XCConfigurationList;
			buildConfigurations = (
				DD1BBFB4204D4D500059903E /* Debug */,
				DD1BBFB5204D4D500059903E /* Release */,
			);
			defaultConfigurationIsVisible = 0;
			defaultConfigurationName = Release;
		};
/* End XCConfigurationList section */
	};
	rootObject = DD1BBF8B204D4D500059903E /* Project object */;
}
